Microsoft Visual Studio Solution File, Format Version 12.00
# Visual Studio Version 17
VisualStudioVersion = 17.5.2.0
MinimumVisualStudioVersion = 10.0.40219.1
Project("{FAE04EC0-301F-11D3-BF4B-00C04F79EFBC}") = "cs-hello-world", "cs-hello-world.csproj", "{B62740A1-FB02-ED5A-9A3B-BB853C75622F}"
EndProject
Global
	GlobalSection(SolutionConfigurationPlatforms) = preSolution
		Debug|Any CPU = Debug|Any CPU
		Release|Any CPU = Release|Any CPU
	EndGlobalSection
	GlobalSection(ProjectConfigurationPlatforms) = postSolution
		{B62740A1-FB02-ED5A-9A3B-BB853C75622F}.Debug|Any CPU.ActiveCfg = Debug|Any CPU
		{B62740A1-FB02-ED5A-9A3B-BB853C75622F}.Debug|Any CPU.Build.0 = Debug|Any CPU
		{B62740A1-FB02-ED5A-9A3B-BB853C75622F}.Release|Any CPU.ActiveCfg = Release|Any CPU
		{B62740A1-FB02-ED5A-9A3B-BB853C75622F}.Release|Any CPU.Build.0 = Release|Any CPU
	EndGlobalSection
	GlobalSection(SolutionProperties) = preSolution
		HideSolutionNode = FALSE
	EndGlobalSection
	GlobalSection(ExtensibilityGlobals) = postSolution
		SolutionGuid = {55DE6B46-6A86-4902-887F-0DE6A6AF2BFA}
	EndGlobalSection
EndGlobal
